SITE
  remote: https://supermarket.getchef.com/api/v1
  specs:
    7-zip (1.0.2)
      windows (>= 1.2.2)
    apache2 (3.1.0)
    apt (2.9.2)
    ark (0.9.0)
      7-zip (>= 0.0.0)
      windows (>= 0.0.0)
    build-essential (2.2.4)
    chef-sugar (3.1.1)
    chef_handler (1.2.0)
    compat_resource (12.5.14)
    composer (2.2.1)
      php (>= 0.0.0)
    curl (2.0.1)
    dmg (2.3.0)
    git (4.1.0)
      build-essential (>= 0.0.0)
      dmg (>= 0.0.0)
      runit (>= 1.0)
      windows (>= 0.0.0)
      yum (~> 3.0)
      yum-epel (>= 0.0.0)
    hipsnip-jetty (0.9.0)
      java (>= 1.10.0)
    hipsnip-solr (0.5.0)
      hipsnip-jetty (~> 0.9.0)
    homebrew (1.13.0)
      build-essential (>= 2.1.2)
    iis (4.1.5)
      windows (>= 1.34.6)
    java (1.36.0)
      apt (>= 0.0.0)
    memcached (2.0.1)
      compat_resource (>= 0.0.0)
      runit (~> 1.0)
      yum-epel (>= 0.0.0)
    mysql (6.1.2)
      smf (>= 0.0.0)
      yum-mysql-community (>= 0.0.0)
    nodejs (2.4.2)
      apt (>= 0.0.0)
      ark (>= 0.0.0)
      build-essential (>= 0.0.0)
      homebrew (>= 0.0.0)
      yum-epel (>= 0.0.0)
    openssl (4.4.0)
      chef-sugar (>= 3.1.1)
    packagecloud (0.1.0)
    phing (0.0.3)
      composer (>= 0.0.0)
      php (>= 0.0.0)
    php (1.7.2)
      build-essential (>= 0.0.0)
      iis (>= 0.0.0)
      mysql (>= 6.0.0)
      windows (>= 0.0.0)
      xml (>= 0.0.0)
      yum-epel (>= 0.0.0)
    php-fpm (0.7.5)
      apt (>= 0.0.0)
      yum (>= 3.0)
    rbac (1.0.3)
    ruby-ng (0.3.0)
      apt (>= 0.0.0)
      build-essential (>= 0.0.0)
    runit (1.7.4)
      packagecloud (>= 0.0.0)
    smf (2.2.7)
      rbac (>= 1.0.1)
    varnish (1.0.2)
      apt (~> 2.4)
      build-essential (>= 0.0.0)
      yum (~> 3.0)
      yum-epel (>= 0.0.0)
    vim (2.0.0)
    windows (1.38.4)
      chef_handler (>= 0.0.0)
    xml (1.3.1)
      build-essential (>= 0.0.0)
      chef-sugar (>= 0.0.0)
    yum (3.8.2)
    yum-epel (0.6.4)
      yum (~> 3.2)
    yum-mysql-community (0.1.19)
      yum (>= 3.2)

DEPENDENCIES
  apache2 (>= 0)
  apt (>= 0)
  composer (>= 0)
  curl (>= 0)
  git (= 4.1.0)
  hipsnip-jetty (>= 0)
  hipsnip-solr (>= 0)
  memcached (>= 0)
  nodejs (>= 0)
  openssl (>= 0)
  phing (>= 0)
  php (>= 0)
  php-fpm (>= 0)
  ruby-ng (>= 0)
  varnish (= 1.0.2)
  vim (>= 0)

