SITE
  remote: https://supermarket.getchef.com/api/v1
  specs:
    7-zip (1.0.2)
      windows (>= 1.2.2)
    apache2 (3.0.0)
      iptables (>= 0.0.0)
      logrotate (>= 0.0.0)
    apt (2.6.1)
    ark (0.9.0)
      7-zip (>= 0.0.0)
      windows (>= 0.0.0)
    build-essential (2.1.3)
    chef-sugar (2.5.0)
    chef_handler (1.1.6)
    composer (2.0.0)
      php (>= 0.0.0)
    curl (2.0.1)
    dmg (2.2.2)
    git (4.1.0)
      build-essential (>= 0.0.0)
      dmg (>= 0.0.0)
      runit (>= 1.0)
      windows (>= 0.0.0)
      yum (~> 3.0)
      yum-epel (>= 0.0.0)
    hipsnip-jetty (0.9.0)
      java (>= 1.10.0)
    hipsnip-solr (0.5.0)
      hipsnip-jetty (~> 0.9.0)
    iis (2.1.6)
      windows (>= 1.34.6)
    iptables (0.14.1)
    java (1.31.0)
    logrotate (1.8.0)
    memcached (1.7.2)
      runit (~> 1.0)
      yum (~> 3.0)
      yum-epel (>= 0.0.0)
    mysql (5.3.6)
      yum-mysql-community (>= 0.0.0)
    nodejs (2.2.0)
      apt (>= 0.0.0)
      ark (>= 0.0.0)
      build-essential (>= 0.0.0)
      yum-epel (>= 0.0.0)
    openssl (4.0.0)
      chef-sugar (>= 0.0.0)
    phing (0.0.2)
      php (>= 0.0.0)
    php (1.5.0)
      build-essential (>= 0.0.0)
      iis (>= 0.0.0)
      mysql (>= 0.0.0)
      windows (>= 0.0.0)
      xml (>= 0.0.0)
      yum-epel (>= 0.0.0)
    php-fpm (0.7.0)
      apt (>= 0.0.0)
      yum (>= 3.0)
    ruby-ng (0.3.0)
      apt (>= 0.0.0)
      build-essential (>= 0.0.0)
    runit (1.5.14)
      build-essential (>= 0.0.0)
      yum (~> 3.0)
      yum-epel (>= 0.0.0)
    selenium (2.2.2)
    varnish (1.0.2)
      apt (~> 2.4)
      build-essential (>= 0.0.0)
      yum (~> 3.0)
      yum-epel (>= 0.0.0)
    vim (1.1.2)
    windows (1.36.1)
      chef_handler (>= 0.0.0)
    xml (1.2.9)
      build-essential (>= 0.0.0)
      chef-sugar (>= 0.0.0)
    yum (3.5.2)
    yum-epel (0.6.0)
      yum (~> 3.0)
    yum-mysql-community (0.1.12)
      yum (>= 3.0)

GIT
  remote: git://github.com/MattSurabian/grunt_cookbook.git
  ref: master
  sha: b3f543346cfbb99d83baff6604dcef595254e777
  specs:
    grunt_cookbook (1.0.0)
      nodejs (>= 0.0.0)

DEPENDENCIES
  apache2 (>= 0)
  apt (>= 0)
  composer (>= 0)
  curl (>= 0)
  git (>= 0)
  grunt_cookbook (>= 0)
  hipsnip-jetty (>= 0)
  hipsnip-solr (>= 0)
  memcached (>= 0)
  mysql (~> 5.3.6)
  nodejs (>= 0)
  openssl (>= 0)
  phing (>= 0)
  php (>= 0)
  php-fpm (>= 0)
  ruby-ng (>= 0)
  selenium (>= 0)
  varnish (>= 0)
  vim (>= 0)

